
Microsoft Visual Studio Solution File, Format Version 12.00
Project("{FAE04EC0-301F-11D3-BF4B-00C04F79EFBC}") = "BellHopBot", "BellHopBot\BellHopBot.csproj", "{EB9C7C53-84D9-4A36-9373-BBA012684754}"
EndProject
Global
	GlobalSection(SolutionConfigurationPlatforms) = preSolution
		Debug|Any CPU = Debug|Any CPU
		Release|Any CPU = Release|Any CPU
	EndGlobalSection
	GlobalSection(ProjectConfigurationPlatforms) = postSolution
		{EB9C7C53-84D9-4A36-9373-BBA012684754}.Debug|Any CPU.ActiveCfg = Debug|Any CPU
		{EB9C7C53-84D9-4A36-9373-BBA012684754}.Debug|Any CPU.Build.0 = Debug|Any CPU
		{EB9C7C53-84D9-4A36-9373-BBA012684754}.Release|Any CPU.ActiveCfg = Release|Any CPU
		{EB9C7C53-84D9-4A36-9373-BBA012684754}.Release|Any CPU.Build.0 = Release|Any CPU
	EndGlobalSection
EndGlobal
